
Microsoft Visual Studio Solution File, Format Version 12.00
# Visual Studio Version 17
VisualStudioVersion = 17.1.32228.430
MinimumVisualStudioVersion = 10.0.40219.1
Project("{FAE04EC0-301F-11D3-BF4B-00C04F79EFBC}") = "PS.ActivityManagementStudio", "PS.ActivityManagementStudio\PS.ActivityManagementStudio.csproj", "{E3644F7D-4741-497C-920D-FCDDD87B8CBE}"
	ProjectSection(ProjectDependencies) = postProject
		{7B2BF73A-DAFC-4E11-86B3-C94DEE326D86} = {7B2BF73A-DAFC-4E11-86B3-C94DEE326D86}
	EndProjectSection
EndProject
Project("{FAE04EC0-301F-11D3-BF4B-00C04F79EFBC}") = "PS.ActivityVerification", "PS.ActivityVerification\PS.ActivityVerification.csproj", "{259D6E2D-643E-450F-8AAC-8B3333254203}"
	ProjectSection(ProjectDependencies) = postProject
		{7B2BF73A-DAFC-4E11-86B3-C94DEE326D86} = {7B2BF73A-DAFC-4E11-86B3-C94DEE326D86}
	EndProjectSection
EndProject
Project("{FAE04EC0-301F-11D3-BF4B-00C04F79EFBC}") = "PS.Azure.Web", "PS.Azure.Web\PS.Azure.Web.csproj", "{7B2BF73A-DAFC-4E11-86B3-C94DEE326D86}"
EndProject
Project("{FAE04EC0-301F-11D3-BF4B-00C04F79EFBC}") = "PS.Data", "PS.Data\PS.Data.csproj", "{6445465B-7654-40F9-9D96-1371E088D73D}"
EndProject
Project("{FAE04EC0-301F-11D3-BF4B-00C04F79EFBC}") = "PS.HireRocks.Model", "PS.HireRocks.Model\PS.HireRocks.Model.csproj", "{B0AED056-D98B-4CDE-818E-3EFB7948A508}"
EndProject
Project("{FAE04EC0-301F-11D3-BF4B-00C04F79EFBC}") = "PS.HireRocks.Service", "PS.HireRocks.Service\PS.HireRocks.Service.csproj", "{FE4E4891-80BC-4C62-B118-EC0AB4F575BC}"
EndProject
Project("{FAE04EC0-301F-11D3-BF4B-00C04F79EFBC}") = "PS.HireRocks.WebApi", "PS.HireRocks.WebApi\PS.HireRocks.WebApi.csproj", "{60847006-5F26-42CD-8C45-BFEACEFA24F8}"
EndProject
Project("{2150E333-8FDC-42A3-9474-1A3956D46DE8}") = "Solution Items", "Solution Items", "{17217DCE-FCED-4DA8-B72E-5C683758ACE3}"
	ProjectSection(SolutionItems) = preProject
		.editorconfig = .editorconfig
	EndProjectSection
EndProject
Project("{FAE04EC0-301F-11D3-BF4B-00C04F79EFBC}") = "PS.Tracker", "PS.Tracker\PS.Tracker.csproj", "{D6A0C928-B3F1-471C-BDF2-8F37D3FAB083}"
EndProject
Project("{FAE04EC0-301F-11D3-BF4B-00C04F79EFBC}") = "PS.HireRocks.Data", "PS.HireRocks.Data\PS.HireRocks.Data.csproj", "{3C63D7EC-F043-4C56-BC13-E3D9808627F4}"
EndProject
Project("{54435603-DBB4-11D2-8724-00A0C9A8B90C}") = "PS.HireRocks.Tracker", "PS.HireRocks.Tracker\PS.HireRocks.Tracker.vdproj", "{9AEDBA6A-4F9A-47C5-B3E4-737027238EA4}"
EndProject
Project("{FAE04EC0-301F-11D3-BF4B-00C04F79EFBC}") = "PS.HireRocks.Web", "PS.HireRocks.Web\PS.HireRocks.Web.csproj", "{E26C1780-584F-4A28-BFDE-BB93A00B8BD6}"
EndProject
Global
	GlobalSection(SolutionConfigurationPlatforms) = preSolution
		CD_ROM|Any CPU = CD_ROM|Any CPU
		Debug|Any CPU = Debug|Any CPU
		DVD-5|Any CPU = DVD-5|Any CPU
		Release|Any CPU = Release|Any CPU
		SingleImage|Any CPU = SingleImage|Any CPU
	EndGlobalSection
	GlobalSection(ProjectConfigurationPlatforms) = postSolution
		{E3644F7D-4741-497C-920D-FCDDD87B8CBE}.CD_ROM|Any CPU.ActiveCfg = Release|Any CPU
		{E3644F7D-4741-497C-920D-FCDDD87B8CBE}.CD_ROM|Any CPU.Build.0 = Release|Any CPU
		{E3644F7D-4741-497C-920D-FCDDD87B8CBE}.Debug|Any CPU.ActiveCfg = Debug|Any CPU
		{E3644F7D-4741-497C-920D-FCDDD87B8CBE}.Debug|Any CPU.Build.0 = Debug|Any CPU
		{E3644F7D-4741-497C-920D-FCDDD87B8CBE}.DVD-5|Any CPU.ActiveCfg = Debug|Any CPU
		{E3644F7D-4741-497C-920D-FCDDD87B8CBE}.DVD-5|Any CPU.Build.0 = Debug|Any CPU
		{E3644F7D-4741-497C-920D-FCDDD87B8CBE}.Release|Any CPU.ActiveCfg = Release|Any CPU
		{E3644F7D-4741-497C-920D-FCDDD87B8CBE}.Release|Any CPU.Build.0 = Release|Any CPU
		{E3644F7D-4741-497C-920D-FCDDD87B8CBE}.SingleImage|Any CPU.ActiveCfg = Release|Any CPU
		{E3644F7D-4741-497C-920D-FCDDD87B8CBE}.SingleImage|Any CPU.Build.0 = Release|Any CPU
		{259D6E2D-643E-450F-8AAC-8B3333254203}.CD_ROM|Any CPU.ActiveCfg = Release|Any CPU
		{259D6E2D-643E-450F-8AAC-8B3333254203}.CD_ROM|Any CPU.Build.0 = Release|Any CPU
		{259D6E2D-643E-450F-8AAC-8B3333254203}.Debug|Any CPU.ActiveCfg = Debug|Any CPU
		{259D6E2D-643E-450F-8AAC-8B3333254203}.Debug|Any CPU.Build.0 = Debug|Any CPU
		{259D6E2D-643E-450F-8AAC-8B3333254203}.DVD-5|Any CPU.ActiveCfg = Debug|Any CPU
		{259D6E2D-643E-450F-8AAC-8B3333254203}.DVD-5|Any CPU.Build.0 = Debug|Any CPU
		{259D6E2D-643E-450F-8AAC-8B3333254203}.Release|Any CPU.ActiveCfg = Release|Any CPU
		{259D6E2D-643E-450F-8AAC-8B3333254203}.Release|Any CPU.Build.0 = Release|Any CPU
		{259D6E2D-643E-450F-8AAC-8B3333254203}.SingleImage|Any CPU.ActiveCfg = Release|Any CPU
		{259D6E2D-643E-450F-8AAC-8B3333254203}.SingleImage|Any CPU.Build.0 = Release|Any CPU
		{7B2BF73A-DAFC-4E11-86B3-C94DEE326D86}.CD_ROM|Any CPU.ActiveCfg = Release|Any CPU
		{7B2BF73A-DAFC-4E11-86B3-C94DEE326D86}.CD_ROM|Any CPU.Build.0 = Release|Any CPU
		{7B2BF73A-DAFC-4E11-86B3-C94DEE326D86}.Debug|Any CPU.ActiveCfg = Debug|Any CPU
		{7B2BF73A-DAFC-4E11-86B3-C94DEE326D86}.Debug|Any CPU.Build.0 = Debug|Any CPU
		{7B2BF73A-DAFC-4E11-86B3-C94DEE326D86}.DVD-5|Any CPU.ActiveCfg = Debug|Any CPU
		{7B2BF73A-DAFC-4E11-86B3-C94DEE326D86}.DVD-5|Any CPU.Build.0 = Debug|Any CPU
		{7B2BF73A-DAFC-4E11-86B3-C94DEE326D86}.Release|Any CPU.ActiveCfg = Release|Any CPU
		{7B2BF73A-DAFC-4E11-86B3-C94DEE326D86}.Release|Any CPU.Build.0 = Release|Any CPU
		{7B2BF73A-DAFC-4E11-86B3-C94DEE326D86}.SingleImage|Any CPU.ActiveCfg = Release|Any CPU
		{7B2BF73A-DAFC-4E11-86B3-C94DEE326D86}.SingleImage|Any CPU.Build.0 = Release|Any CPU
		{6445465B-7654-40F9-9D96-1371E088D73D}.CD_ROM|Any CPU.ActiveCfg = Release|Any CPU
		{6445465B-7654-40F9-9D96-1371E088D73D}.CD_ROM|Any CPU.Build.0 = Release|Any CPU
		{6445465B-7654-40F9-9D96-1371E088D73D}.Debug|Any CPU.ActiveCfg = Debug|Any CPU
		{6445465B-7654-40F9-9D96-1371E088D73D}.Debug|Any CPU.Build.0 = Debug|Any CPU
		{6445465B-7654-40F9-9D96-1371E088D73D}.DVD-5|Any CPU.ActiveCfg = Debug|Any CPU
		{6445465B-7654-40F9-9D96-1371E088D73D}.DVD-5|Any CPU.Build.0 = Debug|Any CPU
		{6445465B-7654-40F9-9D96-1371E088D73D}.Release|Any CPU.ActiveCfg = Release|Any CPU
		{6445465B-7654-40F9-9D96-1371E088D73D}.Release|Any CPU.Build.0 = Release|Any CPU
		{6445465B-7654-40F9-9D96-1371E088D73D}.SingleImage|Any CPU.ActiveCfg = Release|Any CPU
		{6445465B-7654-40F9-9D96-1371E088D73D}.SingleImage|Any CPU.Build.0 = Release|Any CPU
		{B0AED056-D98B-4CDE-818E-3EFB7948A508}.CD_ROM|Any CPU.ActiveCfg = Release|Any CPU
		{B0AED056-D98B-4CDE-818E-3EFB7948A508}.CD_ROM|Any CPU.Build.0 = Release|Any CPU
		{B0AED056-D98B-4CDE-818E-3EFB7948A508}.Debug|Any CPU.ActiveCfg = Debug|Any CPU
		{B0AED056-D98B-4CDE-818E-3EFB7948A508}.Debug|Any CPU.Build.0 = Debug|Any CPU
		{B0AED056-D98B-4CDE-818E-3EFB7948A508}.DVD-5|Any CPU.ActiveCfg = Debug|Any CPU
		{B0AED056-D98B-4CDE-818E-3EFB7948A508}.DVD-5|Any CPU.Build.0 = Debug|Any CPU
		{B0AED056-D98B-4CDE-818E-3EFB7948A508}.Release|Any CPU.ActiveCfg = Release|Any CPU
		{B0AED056-D98B-4CDE-818E-3EFB7948A508}.Release|Any CPU.Build.0 = Release|Any CPU
		{B0AED056-D98B-4CDE-818E-3EFB7948A508}.SingleImage|Any CPU.ActiveCfg = Release|Any CPU
		{B0AED056-D98B-4CDE-818E-3EFB7948A508}.SingleImage|Any CPU.Build.0 = Release|Any CPU
		{FE4E4891-80BC-4C62-B118-EC0AB4F575BC}.CD_ROM|Any CPU.ActiveCfg = Release|Any CPU
		{FE4E4891-80BC-4C62-B118-EC0AB4F575BC}.CD_ROM|Any CPU.Build.0 = Release|Any CPU
		{FE4E4891-80BC-4C62-B118-EC0AB4F575BC}.Debug|Any CPU.ActiveCfg = Debug|Any CPU
		{FE4E4891-80BC-4C62-B118-EC0AB4F575BC}.Debug|Any CPU.Build.0 = Debug|Any CPU
		{FE4E4891-80BC-4C62-B118-EC0AB4F575BC}.DVD-5|Any CPU.ActiveCfg = Debug|Any CPU
		{FE4E4891-80BC-4C62-B118-EC0AB4F575BC}.DVD-5|Any CPU.Build.0 = Debug|Any CPU
		{FE4E4891-80BC-4C62-B118-EC0AB4F575BC}.Release|Any CPU.ActiveCfg = Release|Any CPU
		{FE4E4891-80BC-4C62-B118-EC0AB4F575BC}.Release|Any CPU.Build.0 = Release|Any CPU
		{FE4E4891-80BC-4C62-B118-EC0AB4F575BC}.SingleImage|Any CPU.ActiveCfg = Release|Any CPU
		{FE4E4891-80BC-4C62-B118-EC0AB4F575BC}.SingleImage|Any CPU.Build.0 = Release|Any CPU
		{60847006-5F26-42CD-8C45-BFEACEFA24F8}.CD_ROM|Any CPU.ActiveCfg = Debug|Any CPU
		{60847006-5F26-42CD-8C45-BFEACEFA24F8}.CD_ROM|Any CPU.Build.0 = Debug|Any CPU
		{60847006-5F26-42CD-8C45-BFEACEFA24F8}.Debug|Any CPU.ActiveCfg = Debug|Any CPU
		{60847006-5F26-42CD-8C45-BFEACEFA24F8}.Debug|Any CPU.Build.0 = Debug|Any CPU
		{60847006-5F26-42CD-8C45-BFEACEFA24F8}.DVD-5|Any CPU.ActiveCfg = Debug|Any CPU
		{60847006-5F26-42CD-8C45-BFEACEFA24F8}.DVD-5|Any CPU.Build.0 = Debug|Any CPU
		{60847006-5F26-42CD-8C45-BFEACEFA24F8}.Release|Any CPU.ActiveCfg = Release|Any CPU
		{60847006-5F26-42CD-8C45-BFEACEFA24F8}.Release|Any CPU.Build.0 = Release|Any CPU
		{60847006-5F26-42CD-8C45-BFEACEFA24F8}.SingleImage|Any CPU.ActiveCfg = Debug|Any CPU
		{60847006-5F26-42CD-8C45-BFEACEFA24F8}.SingleImage|Any CPU.Build.0 = Debug|Any CPU
		{D6A0C928-B3F1-471C-BDF2-8F37D3FAB083}.CD_ROM|Any CPU.ActiveCfg = Debug|Any CPU
		{D6A0C928-B3F1-471C-BDF2-8F37D3FAB083}.CD_ROM|Any CPU.Build.0 = Debug|Any CPU
		{D6A0C928-B3F1-471C-BDF2-8F37D3FAB083}.Debug|Any CPU.ActiveCfg = Debug|Any CPU
		{D6A0C928-B3F1-471C-BDF2-8F37D3FAB083}.Debug|Any CPU.Build.0 = Debug|Any CPU
		{D6A0C928-B3F1-471C-BDF2-8F37D3FAB083}.DVD-5|Any CPU.ActiveCfg = Debug|Any CPU
		{D6A0C928-B3F1-471C-BDF2-8F37D3FAB083}.DVD-5|Any CPU.Build.0 = Debug|Any CPU
		{D6A0C928-B3F1-471C-BDF2-8F37D3FAB083}.Release|Any CPU.ActiveCfg = Release|Any CPU
		{D6A0C928-B3F1-471C-BDF2-8F37D3FAB083}.Release|Any CPU.Build.0 = Release|Any CPU
		{D6A0C928-B3F1-471C-BDF2-8F37D3FAB083}.SingleImage|Any CPU.ActiveCfg = Debug|Any CPU
		{D6A0C928-B3F1-471C-BDF2-8F37D3FAB083}.SingleImage|Any CPU.Build.0 = Debug|Any CPU
		{3C63D7EC-F043-4C56-BC13-E3D9808627F4}.CD_ROM|Any CPU.ActiveCfg = Debug|Any CPU
		{3C63D7EC-F043-4C56-BC13-E3D9808627F4}.CD_ROM|Any CPU.Build.0 = Debug|Any CPU
		{3C63D7EC-F043-4C56-BC13-E3D9808627F4}.Debug|Any CPU.ActiveCfg = Debug|Any CPU
		{3C63D7EC-F043-4C56-BC13-E3D9808627F4}.Debug|Any CPU.Build.0 = Debug|Any CPU
		{3C63D7EC-F043-4C56-BC13-E3D9808627F4}.DVD-5|Any CPU.ActiveCfg = Debug|Any CPU
		{3C63D7EC-F043-4C56-BC13-E3D9808627F4}.DVD-5|Any CPU.Build.0 = Debug|Any CPU
		{3C63D7EC-F043-4C56-BC13-E3D9808627F4}.Release|Any CPU.ActiveCfg = Release|Any CPU
		{3C63D7EC-F043-4C56-BC13-E3D9808627F4}.Release|Any CPU.Build.0 = Release|Any CPU
		{3C63D7EC-F043-4C56-BC13-E3D9808627F4}.SingleImage|Any CPU.ActiveCfg = Debug|Any CPU
		{3C63D7EC-F043-4C56-BC13-E3D9808627F4}.SingleImage|Any CPU.Build.0 = Debug|Any CPU
		{9AEDBA6A-4F9A-47C5-B3E4-737027238EA4}.CD_ROM|Any CPU.ActiveCfg = Debug
		{9AEDBA6A-4F9A-47C5-B3E4-737027238EA4}.Debug|Any CPU.ActiveCfg = Debug
		{9AEDBA6A-4F9A-47C5-B3E4-737027238EA4}.DVD-5|Any CPU.ActiveCfg = Debug
		{9AEDBA6A-4F9A-47C5-B3E4-737027238EA4}.Release|Any CPU.ActiveCfg = Release
		{9AEDBA6A-4F9A-47C5-B3E4-737027238EA4}.SingleImage|Any CPU.ActiveCfg = Debug
		{E26C1780-584F-4A28-BFDE-BB93A00B8BD6}.CD_ROM|Any CPU.ActiveCfg = Debug|Any CPU
		{E26C1780-584F-4A28-BFDE-BB93A00B8BD6}.CD_ROM|Any CPU.Build.0 = Debug|Any CPU
		{E26C1780-584F-4A28-BFDE-BB93A00B8BD6}.Debug|Any CPU.ActiveCfg = Debug|Any CPU
		{E26C1780-584F-4A28-BFDE-BB93A00B8BD6}.Debug|Any CPU.Build.0 = Debug|Any CPU
		{E26C1780-584F-4A28-BFDE-BB93A00B8BD6}.DVD-5|Any CPU.ActiveCfg = Debug|Any CPU
		{E26C1780-584F-4A28-BFDE-BB93A00B8BD6}.DVD-5|Any CPU.Build.0 = Debug|Any CPU
		{E26C1780-584F-4A28-BFDE-BB93A00B8BD6}.Release|Any CPU.ActiveCfg = Release|Any CPU
		{E26C1780-584F-4A28-BFDE-BB93A00B8BD6}.Release|Any CPU.Build.0 = Release|Any CPU
		{E26C1780-584F-4A28-BFDE-BB93A00B8BD6}.SingleImage|Any CPU.ActiveCfg = Debug|Any CPU
		{E26C1780-584F-4A28-BFDE-BB93A00B8BD6}.SingleImage|Any CPU.Build.0 = Debug|Any CPU
	EndGlobalSection
	GlobalSection(SolutionProperties) = preSolution
		HideSolutionNode = FALSE
	EndGlobalSection
	GlobalSection(ExtensibilityGlobals) = postSolution
		SolutionGuid = {BAE06929-88A8-4A76-9F7D-1B9A0B862BEB}
	EndGlobalSection
EndGlobal
